
Microsoft Visual Studio Solution File, Format Version 12.00
# Visual Studio 15
Project("{FAE04EC0-301F-11D3-BF4B-00C04F79EFBC}") = "Assembly-CSharp", "Assembly-CSharp.csproj", "{1AC4470E-AF21-B5A9-2A4F-FD5119EF22EB}"
EndProject
Project("{FAE04EC0-301F-11D3-BF4B-00C04F79EFBC}") = "Assembly-CSharp-Editor", "Assembly-CSharp-Editor.csproj", "{8D980C97-455D-D7F3-FC6D-02F16B1F160B}"
EndProject
Global
	GlobalSection(SolutionConfigurationPlatforms) = preSolution
		Debug|Any CPU = Debug|Any CPU
		Release|Any CPU = Release|Any CPU
	EndGlobalSection
	GlobalSection(ProjectConfigurationPlatforms) = postSolution
		{1AC4470E-AF21-B5A9-2A4F-FD5119EF22EB}.Debug|Any CPU.ActiveCfg = Debug|Any CPU
		{1AC4470E-AF21-B5A9-2A4F-FD5119EF22EB}.Debug|Any CPU.Build.0 = Debug|Any CPU
		{1AC4470E-AF21-B5A9-2A4F-FD5119EF22EB}.Release|Any CPU.ActiveCfg = Release|Any CPU
		{1AC4470E-AF21-B5A9-2A4F-FD5119EF22EB}.Release|Any CPU.Build.0 = Release|Any CPU
		{8D980C97-455D-D7F3-FC6D-02F16B1F160B}.Debug|Any CPU.ActiveCfg = Debug|Any CPU
		{8D980C97-455D-D7F3-FC6D-02F16B1F160B}.Debug|Any CPU.Build.0 = Debug|Any CPU
		{8D980C97-455D-D7F3-FC6D-02F16B1F160B}.Release|Any CPU.ActiveCfg = Release|Any CPU
		{8D980C97-455D-D7F3-FC6D-02F16B1F160B}.Release|Any CPU.Build.0 = Release|Any CPU
	EndGlobalSection
	GlobalSection(SolutionProperties) = preSolution
		HideSolutionNode = FALSE
	EndGlobalSection
EndGlobal
